// !$*UTF8*$!
{
	archiveVersion = 1;
	classes = {
	};
	objectVersion = 46;
	objects = {

/* Begin PBXBuildFile section */
		6FE20C071CE432CA002191D4 /* AppDelegate.swift in Sources */ = {isa = PBXBuildFile; fileRef = 6FE20C061CE432CA002191D4 /* AppDelegate.swift */; };
		6FE20C091CE432CA002191D4 /* ViewController.swift in Sources */ = {isa = PBXBuildFile; fileRef = 6FE20C081CE432CA002191D4 /* ViewController.swift */; };
		6FE20C0C1CE432CA002191D4 /* Main.storyboard in Resources */ = {isa = PBXBuildFile; fileRef = 6FE20C0A1CE432CA002191D4 /* Main.storyboard */; };
		6FE20C0F1CE432CA002191D4 /* One_armBandit.xcdatamodeld in Sources */ = {isa = PBXBuildFile; fileRef = 6FE20C0D1CE432CA002191D4 /* One_armBandit.xcdatamodeld */; };
		6FE20C111CE432CA002191D4 /* Assets.xcassets in Resources */ = {isa = PBXBuildFile; fileRef = 6FE20C101CE432CA002191D4 /* Assets.xcassets */; };
		6FE20C141CE432CA002191D4 /* LaunchScreen.storyboard in Resources */ = {isa = PBXBuildFile; fileRef = 6FE20C121CE432CA002191D4 /* LaunchScreen.storyboard */; };
		6FE20C1F1CE432CB002191D4 /* One_armBanditTests.swift in Sources */ = {isa = PBXBuildFile; fileRef = 6FE20C1E1CE432CB002191D4 /* One_armBanditTests.swift */; };
		6FE20C2A1CE432CB002191D4 /* One_armBanditUITests.swift in Sources */ = {isa = PBXBuildFile; fileRef = 6FE20C291CE432CB002191D4 /* One_armBanditUITests.swift */; };
/* End PBXBuildFile section */

/* Begin PBXContainerItemProxy section */
		6FE20C1B1CE432CB002191D4 /* PBXContainerItemProxy */ = {
			isa = PBXContainerItemProxy;
			containerPortal = 6FE20BFB1CE432CA002191D4 /* Project object */;
			proxyType = 1;
			remoteGlobalIDString = 6FE20C021CE432CA002191D4;
			remoteInfo = "One-armBandit";
		};
		6FE20C261CE432CB002191D4 /* PBXContainerItemProxy */ = {
			isa = PBXContainerItemProxy;
			containerPortal = 6FE20BFB1CE432CA002191D4 /* Project object */;
			proxyType = 1;
			remoteGlobalIDString = 6FE20C021CE432CA002191D4;
			remoteInfo = "One-armBandit";
		};
/* End PBXContainerItemProxy section */

/* Begin PBXFileReference section */
		6FE20C031CE432CA002191D4 /* One-armBandit.app */ = {isa = PBXFileReference; explicitFileType = wrapper.application; includeInIndex = 0; path = "One-armBandit.app"; sourceTree = BUILT_PRODUCTS_DIR; };
		6FE20C061CE432CA002191D4 /* AppDelegate.swift */ = {isa = PBXFileReference; lastKnownFileType = sourcecode.swift; path = AppDelegate.swift; sourceTree = "<group>"; };
		6FE20C081CE432CA002191D4 /* ViewController.swift */ = {isa = PBXFileReference; lastKnownFileType = sourcecode.swift; path = ViewController.swift; sourceTree = "<group>"; };
		6FE20C0B1CE432CA002191D4 /* Base */ = {isa = PBXFileReference; lastKnownFileType = file.storyboard; name = Base; path = Base.lproj/Main.storyboard; sourceTree = "<group>"; };
		6FE20C0E1CE432CA002191D4 /* One_armBandit.xcdatamodel */ = {isa = PBXFileReference; lastKnownFileType = wrapper.xcdatamodel; path = One_armBandit.xcdatamodel; sourceTree = "<group>"; };
		6FE20C101CE432CA002191D4 /* Assets.xcassets */ = {isa = PBXFileReference; lastKnownFileType = folder.assetcatalog; path = Assets.xcassets; sourceTree = "<group>"; };
		6FE20C131CE432CA002191D4 /* Base */ = {isa = PBXFileReference; lastKnownFileType = file.storyboard; name = Base; path = Base.lproj/LaunchScreen.storyboard; sourceTree = "<group>"; };
		6FE20C151CE432CA002191D4 /* Info.plist */ = {isa = PBXFileReference; lastKnownFileType = text.plist.xml; path = Info.plist; sourceTree = "<group>"; };
		6FE20C1A1CE432CB002191D4 /* One-armBanditTests.xctest */ = {isa = PBXFileReference; explicitFileType = wrapper.cfbundle; includeInIndex = 0; path = "One-armBanditTests.xctest"; sourceTree = BUILT_PRODUCTS_DIR; };
		6FE20C1E1CE432CB002191D4 /* One_armBanditTests.swift */ = {isa = PBXFileReference; lastKnownFileType = sourcecode.swift; path = One_armBanditTests.swift; sourceTree = "<group>"; };
		6FE20C201CE432CB002191D4 /* Info.plist */ = {isa = PBXFileReference; lastKnownFileType = text.plist.xml; path = Info.plist; sourceTree = "<group>"; };
		6FE20C251CE432CB002191D4 /* One-armBanditUITests.xctest */ = {isa = PBXFileReference; explicitFileType = wrapper.cfbundle; includeInIndex = 0; path = "One-armBanditUITests.xctest"; sourceTree = BUILT_PRODUCTS_DIR; };
		6FE20C291CE432CB002191D4 /* One_armBanditUITests.swift */ = {isa = PBXFileReference; lastKnownFileType = sourcecode.swift; path = One_armBanditUITests.swift; sourceTree = "<group>"; };
		6FE20C2B1CE432CB002191D4 /* Info.plist */ = {isa = PBXFileReference; lastKnownFileType = text.plist.xml; path = Info.plist; sourceTree = "<group>"; };
/* End PBXFileReference section */

/* Begin PBXFrameworksBuildPhase section */
		6FE20C001CE432CA002191D4 /* Frameworks */ = {
			isa = PBXFrameworksBuildPhase;
			buildActionMask = 2147483647;
			files = (
			);
			runOnlyForDeploymentPostprocessing = 0;
		};
		6FE20C171CE432CB002191D4 /* Frameworks */ = {
			isa = PBXFrameworksBuildPhase;
			buildActionMask = 2147483647;
			files = (
			);
			runOnlyForDeploymentPostprocessing = 0;
		};
		6FE20C221CE432CB002191D4 /* Frameworks */ = {
			isa = PBXFrameworksBuildPhase;
			buildActionMask = 2147483647;
			files = (
			);
			runOnlyForDeploymentPostprocessing = 0;
		};
/* End PBXFrameworksBuildPhase section */

/* Begin PBXGroup section */
		6FE20BFA1CE432CA002191D4 = {
			isa = PBXGroup;
			children = (
				6FE20C051CE432CA002191D4 /* One-armBandit */,
				6FE20C1D1CE432CB002191D4 /* One-armBanditTests */,
				6FE20C281CE432CB002191D4 /* One-armBanditUITests */,
				6FE20C041CE432CA002191D4 /* Products */,
			);
			sourceTree = "<group>";
		};
		6FE20C041CE432CA002191D4 /* Products */ = {
			isa = PBXGroup;
			children = (
				6FE20C031CE432CA002191D4 /* One-armBandit.app */,
				6FE20C1A1CE432CB002191D4 /* One-armBanditTests.xctest */,
				6FE20C251CE432CB002191D4 /* One-armBanditUITests.xctest */,
			);
			name = Products;
			sourceTree = "<group>";
		};
		6FE20C051CE432CA002191D4 /* One-armBandit */ = {
			isa = PBXGroup;
			children = (
				6FE20C061CE432CA002191D4 /* AppDelegate.swift */,
				6FE20C081CE432CA002191D4 /* ViewController.swift */,
				6FE20C0A1CE432CA002191D4 /* Main.storyboard */,
				6FE20C101CE432CA002191D4 /* Assets.xcassets */,
				6FE20C121CE432CA002191D4 /* LaunchScreen.storyboard */,
				6FE20C151CE432CA002191D4 /* Info.plist */,
				6FE20C0D1CE432CA002191D4 /* One_armBandit.xcdatamodeld */,
			);
			path = "One-armBandit";
			sourceTree = "<group>";
		};
		6FE20C1D1CE432CB002191D4 /* One-armBanditTests */ = {
			isa = PBXGroup;
			children = (
				6FE20C1E1CE432CB002191D4 /* One_armBanditTests.swift */,
				6FE20C201CE432CB002191D4 /* Info.plist */,
			);
			path = "One-armBanditTests";
			sourceTree = "<group>";
		};
		6FE20C281CE432CB002191D4 /* One-armBanditUITests */ = {
			isa = PBXGroup;
			children = (
				6FE20C291CE432CB002191D4 /* One_armBanditUITests.swift */,
				6FE20C2B1CE432CB002191D4 /* Info.plist */,
			);
			path = "One-armBanditUITests";
			sourceTree = "<group>";
		};
/* End PBXGroup section */

/* Begin PBXNativeTarget section */
		6FE20C021CE432CA002191D4 /* One-armBandit */ = {
			isa = PBXNativeTarget;
			buildConfigurationList = 6FE20C2E1CE432CB002191D4 /* Build configuration list for PBXNativeTarget "One-armBandit" */;
			buildPhases = (
				6FE20BFF1CE432CA002191D4 /* Sources */,
				6FE20C001CE432CA002191D4 /* Frameworks */,
				6FE20C011CE432CA002191D4 /* Resources */,
			);
			buildRules = (
			);
			dependencies = (
			);
			name = "One-armBandit";
			productName = "One-armBandit";
			productReference = 6FE20C031CE432CA002191D4 /* One-armBandit.app */;
			productType = "com.apple.product-type.application";
		};
		6FE20C191CE432CB002191D4 /* One-armBanditTests */ = {
			isa = PBXNativeTarget;
			buildConfigurationList = 6FE20C311CE432CB002191D4 /* Build configuration list for PBXNativeTarget "One-armBanditTests" */;
			buildPhases = (
				6FE20C161CE432CB002191D4 /* Sources */,
				6FE20C171CE432CB002191D4 /* Frameworks */,
				6FE20C181CE432CB002191D4 /* Resources */,
			);
			buildRules = (
			);
			dependencies = (
				6FE20C1C1CE432CB002191D4 /* PBXTargetDependency */,
			);
			name = "One-armBanditTests";
			productName = "One-armBanditTests";
			productReference = 6FE20C1A1CE432CB002191D4 /* One-armBanditTests.xctest */;
			productType = "com.apple.product-type.bundle.unit-test";
		};
		6FE20C241CE432CB002191D4 /* One-armBanditUITests */ = {
			isa = PBXNativeTarget;
			buildConfigurationList = 6FE20C341CE432CB002191D4 /* Build configuration list for PBXNativeTarget "One-armBanditUITests" */;
			buildPhases = (
				6FE20C211CE432CB002191D4 /* Sources */,
				6FE20C221CE432CB002191D4 /* Frameworks */,
				6FE20C231CE432CB002191D4 /* Resources */,
			);
			buildRules = (
			);
			dependencies = (
				6FE20C271CE432CB002191D4 /* PBXTargetDependency */,
			);
			name = "One-armBanditUITests";
			productName = "One-armBanditUITests";
			productReference = 6FE20C251CE432CB002191D4 /* One-armBanditUITests.xctest */;
			productType = "com.apple.product-type.bundle.ui-testing";
		};
/* End PBXNativeTarget section */

/* Begin PBXProject section */
		6FE20BFB1CE432CA002191D4 /* Project object */ = {
			isa = PBXProject;
			attributes = {
				LastSwiftUpdateCheck = 0730;
				LastUpgradeCheck = 0730;
				ORGANIZATIONNAME = com.streamind;
				TargetAttributes = {
					6FE20C021CE432CA002191D4 = {
						CreatedOnToolsVersion = 7.3;
					};
					6FE20C191CE432CB002191D4 = {
						CreatedOnToolsVersion = 7.3;
						TestTargetID = 6FE20C021CE432CA002191D4;
					};
					6FE20C241CE432CB002191D4 = {
						CreatedOnToolsVersion = 7.3;
						TestTargetID = 6FE20C021CE432CA002191D4;
					};
				};
			};
			buildConfigurationList = 6FE20BFE1CE432CA002191D4 /* Build configuration list for PBXProject "One-armBandit" */;
			compatibilityVersion = "Xcode 3.2";
			developmentRegion = English;
			hasScannedForEncodings = 0;
			knownRegions = (
				en,
				Base,
			);
			mainGroup = 6FE20BFA1CE432CA002191D4;
			productRefGroup = 6FE20C041CE432CA002191D4 /* Products */;
			projectDirPath = "";
			projectRoot = "";
			targets = (
				6FE20C021CE432CA002191D4 /* One-armBandit */,
				6FE20C191CE432CB002191D4 /* One-armBanditTests */,
				6FE20C241CE432CB002191D4 /* One-armBanditUITests */,
			);
		};
/* End PBXProject section */

/* Begin PBXResourcesBuildPhase section */
		6FE20C011CE432CA002191D4 /* Resources */ = {
			isa = PBXResourcesBuildPhase;
			buildActionMask = 2147483647;
			files = (
				6FE20C141CE432CA002191D4 /* LaunchScreen.storyboard in Resources */,
				6FE20C111CE432CA002191D4 /* Assets.xcassets in Resources */,
				6FE20C0C1CE432CA002191D4 /* Main.storyboard in Resources */,
			);
			runOnlyForDeploymentPostprocessing = 0;
		};
		6FE20C181CE432CB002191D4 /* Resources */ = {
			isa = PBXResourcesBuildPhase;
			buildActionMask = 2147483647;
			files = (
			);
			runOnlyForDeploymentPostprocessing = 0;
		};
		6FE20C231CE432CB002191D4 /* Resources */ = {
			isa = PBXResourcesBuildPhase;
			buildActionMask = 2147483647;
			files = (
			);
			runOnlyForDeploymentPostprocessing = 0;
		};
/* End PBXResourcesBuildPhase section */

/* Begin PBXSourcesBuildPhase section */
		6FE20BFF1CE432CA002191D4 /* Sources */ = {
			isa = PBXSourcesBuildPhase;
			buildActionMask = 2147483647;
			files = (
				6FE20C0F1CE432CA002191D4 /* One_armBandit.xcdatamodeld in Sources */,
				6FE20C091CE432CA002191D4 /* ViewController.swift in Sources */,
				6FE20C071CE432CA002191D4 /* AppDelegate.swift in Sources */,
			);
			runOnlyForDeploymentPostprocessing = 0;
		};
		6FE20C161CE432CB002191D4 /* Sources */ = {
			isa = PBXSourcesBuildPhase;
			buildActionMask = 2147483647;
			files = (
				6FE20C1F1CE432CB002191D4 /* One_armBanditTests.swift in Sources */,
			);
			runOnlyForDeploymentPostprocessing = 0;
		};
		6FE20C211CE432CB002191D4 /* Sources */ = {
			isa = PBXSourcesBuildPhase;
			buildActionMask = 2147483647;
			files = (
				6FE20C2A1CE432CB002191D4 /* One_armBanditUITests.swift in Sources */,
			);
			runOnlyForDeploymentPostprocessing = 0;
		};
/* End PBXSourcesBuildPhase section */

/* Begin PBXTargetDependency section */
		6FE20C1C1CE432CB002191D4 /* PBXTargetDependency */ = {
			isa = PBXTargetDependency;
			target = 6FE20C021CE432CA002191D4 /* One-armBandit */;
			targetProxy = 6FE20C1B1CE432CB002191D4 /* PBXContainerItemProxy */;
		};
		6FE20C271CE432CB002191D4 /* PBXTargetDependency */ = {
			isa = PBXTargetDependency;
			target = 6FE20C021CE432CA002191D4 /* One-armBandit */;
			targetProxy = 6FE20C261CE432CB002191D4 /* PBXContainerItemProxy */;
		};
/* End PBXTargetDependency section */

/* Begin PBXVariantGroup section */
		6FE20C0A1CE432CA002191D4 /* Main.storyboard */ = {
			isa = PBXVariantGroup;
			children = (
				6FE20C0B1CE432CA002191D4 /* Base */,
			);
			name = Main.storyboard;
			sourceTree = "<group>";
		};
		6FE20C121CE432CA002191D4 /* LaunchScreen.storyboard */ = {
			isa = PBXVariantGroup;
			children = (
				6FE20C131CE432CA002191D4 /* Base */,
			);
			name = LaunchScreen.storyboard;
			sourceTree = "<group>";
		};
/* End PBXVariantGroup section */

/* Begin XCBuildConfiguration section */
		6FE20C2C1CE432CB002191D4 /* Debug */ = {
			isa = XCBuildConfiguration;
			buildSettings = {
				ALWAYS_SEARCH_USER_PATHS = NO;
				CLANG_ANALYZER_NONNULL = YES;
				CLANG_CXX_LANGUAGE_STANDARD = "gnu++0x";
				CLANG_CXX_LIBRARY = "libc++";
				CLANG_ENABLE_MODULES = YES;
				CLANG_ENABLE_OBJC_ARC = YES;
				CLANG_WARN_BOOL_CONVERSION = YES;
				CLANG_WARN_CONSTANT_CONVERSION = YES;
				CLANG_WARN_DIRECT_OBJC_ISA_USAGE = YES_ERROR;
				CLANG_WARN_EMPTY_BODY = YES;
				CLANG_WARN_ENUM_CONVERSION = YES;
				CLANG_WARN_INT_CONVERSION = YES;
				CLANG_WARN_OBJC_ROOT_CLASS = YES_ERROR;
				CLANG_WARN_UNREACHABLE_CODE = YES;
				CLANG_WARN__DUPLICATE_METHOD_MATCH = YES;
				"CODE_SIGN_IDENTITY[sdk=iphoneos*]" = "iPhone Developer";
				COPY_PHASE_STRIP = NO;
				DEBUG_INFORMATION_FORMAT = dwarf;
				ENABLE_STRICT_OBJC_MSGSEND = YES;
				ENABLE_TESTABILITY = YES;
				GCC_C_LANGUAGE_STANDARD = gnu99;
				GCC_DYNAMIC_NO_PIC = NO;
				GCC_NO_COMMON_BLOCKS = YES;
				GCC_OPTIMIZATION_LEVEL = 0;
				GCC_PREPROCESSOR_DEFINITIONS = (
					"DEBUG=1",
					"$(inherited)",
				);
				GCC_WARN_64_TO_32_BIT_CONVERSION = YES;
				GCC_WARN_ABOUT_RETURN_TYPE = YES_ERROR;
				GCC_WARN_UNDECLARED_SELECTOR = YES;
				GCC_WARN_UNINITIALIZED_AUTOS = YES_AGGRESSIVE;
				GCC_WARN_UNUSED_FUNCTION = YES;
				GCC_WARN_UNUSED_VARIABLE = YES;
				IPHONEOS_DEPLOYMENT_TARGET = 9.3;
				MTL_ENABLE_DEBUG_INFO = YES;
				ONLY_ACTIVE_ARCH = YES;
				SDKROOT = iphoneos;
				SWIFT_OPTIMIZATION_LEVEL = "-Onone";
				TARGETED_DEVICE_FAMILY = "1,2";
			};
			name = Debug;
		};
		6FE20C2D1CE432CB002191D4 /* Release */ = {
			isa = XCBuildConfiguration;
			buildSettings = {
				ALWAYS_SEARCH_USER_PATHS = NO;
				CLANG_ANALYZER_NONNULL = YES;
				CLANG_CXX_LANGUAGE_STANDARD = "gnu++0x";
				CLANG_CXX_LIBRARY = "libc++";
				CLANG_ENABLE_MODULES = YES;
				CLANG_ENABLE_OBJC_ARC = YES;
				CLANG_WARN_BOOL_CONVERSION = YES;
				CLANG_WARN_CONSTANT_CONVERSION = YES;
				CLANG_WARN_DIRECT_OBJC_ISA_USAGE = YES_ERROR;
				CLANG_WARN_EMPTY_BODY = YES;
				CLANG_WARN_ENUM_CONVERSION = YES;
				CLANG_WARN_INT_CONVERSION = YES;
				CLANG_WARN_OBJC_ROOT_CLASS = YES_ERROR;
				CLANG_WARN_UNREACHABLE_CODE = YES;
				CLANG_WARN__DUPLICATE_METHOD_MATCH = YES;
				"CODE_SIGN_IDENTITY[sdk=iphoneos*]" = "iPhone Developer";
				COPY_PHASE_STRIP = NO;
				DEBUG_INFORMATION_FORMAT = "dwarf-with-dsym";
				ENABLE_NS_ASSERTIONS = NO;
				ENABLE_STRICT_OBJC_MSGSEND = YES;
				GCC_C_LANGUAGE_STANDARD = gnu99;
				GCC_NO_COMMON_BLOCKS = YES;
				GCC_WARN_64_TO_32_BIT_CONVERSION = YES;
				GCC_WARN_ABOUT_RETURN_TYPE = YES_ERROR;
				GCC_WARN_UNDECLARED_SELECTOR = YES;
				GCC_WARN_UNINITIALIZED_AUTOS = YES_AGGRESSIVE;
				GCC_WARN_UNUSED_FUNCTION = YES;
				GCC_WARN_UNUSED_VARIABLE = YES;
				IPHONEOS_DEPLOYMENT_TARGET = 9.3;
				MTL_ENABLE_DEBUG_INFO = NO;
				SDKROOT = iphoneos;
				TARGETED_DEVICE_FAMILY = "1,2";
				VALIDATE_PRODUCT = YES;
			};
			name = Release;
		};
		6FE20C2F1CE432CB002191D4 /* Debug */ = {
			isa = XCBuildConfiguration;
			buildSettings = {
				ASSETCATALOG_COMPILER_APPICON_NAME = AppIcon;
				INFOPLIST_FILE = "One-armBandit/Info.plist";
				LD_RUNPATH_SEARCH_PATHS = "$(inherited) @executable_path/Frameworks";
				PRODUCT_BUNDLE_IDENTIFIER = "com.streamind.One-armBandit";
				PRODUCT_NAME = "$(TARGET_NAME)";
			};
			name = Debug;
		};
		6FE20C301CE432CB002191D4 /* Release */ = {
			isa = XCBuildConfiguration;
			buildSettings = {
				ASSETCATALOG_COMPILER_APPICON_NAME = AppIcon;
				INFOPLIST_FILE = "One-armBandit/Info.plist";
				LD_RUNPATH_SEARCH_PATHS = "$(inherited) @executable_path/Frameworks";
				PRODUCT_BUNDLE_IDENTIFIER = "com.streamind.One-armBandit";
				PRODUCT_NAME = "$(TARGET_NAME)";
			};
			name = Release;
		};
		6FE20C321CE432CB002191D4 /* Debug */ = {
			isa = XCBuildConfiguration;
			buildSettings = {
				BUNDLE_LOADER = "$(TEST_HOST)";
				INFOPLIST_FILE = "One-armBanditTests/Info.plist";
				LD_RUNPATH_SEARCH_PATHS = "$(inherited) @executable_path/Frameworks @loader_path/Frameworks";
				PRODUCT_BUNDLE_IDENTIFIER = "com.streamind.One-armBanditTests";
				PRODUCT_NAME = "$(TARGET_NAME)";
				TEST_HOST = "$(BUILT_PRODUCTS_DIR)/One-armBandit.app/One-armBandit";
			};
			name = Debug;
		};
		6FE20C331CE432CB002191D4 /* Release */ = {
			isa = XCBuildConfiguration;
			buildSettings = {
				BUNDLE_LOADER = "$(TEST_HOST)";
				INFOPLIST_FILE = "One-armBanditTests/Info.plist";
				LD_RUNPATH_SEARCH_PATHS = "$(inherited) @executable_path/Frameworks @loader_path/Frameworks";
				PRODUCT_BUNDLE_IDENTIFIER = "com.streamind.One-armBanditTests";
				PRODUCT_NAME = "$(TARGET_NAME)";
				TEST_HOST = "$(BUILT_PRODUCTS_DIR)/One-armBandit.app/One-armBandit";
			};
			name = Release;
		};
		6FE20C351CE432CB002191D4 /* Debug */ = {
			isa = XCBuildConfiguration;
			buildSettings = {
				INFOPLIST_FILE = "One-armBanditUITests/Info.plist";
				LD_RUNPATH_SEARCH_PATHS = "$(inherited) @executable_path/Frameworks @loader_path/Frameworks";
				PRODUCT_BUNDLE_IDENTIFIER = "com.streamind.One-armBanditUITests";
				PRODUCT_NAME = "$(TARGET_NAME)";
				TEST_TARGET_NAME = "One-armBandit";
			};
			name = Debug;
		};
		6FE20C361CE432CB002191D4 /* Release */ = {
			isa = XCBuildConfiguration;
			buildSettings = {
				INFOPLIST_FILE = "One-armBanditUITests/Info.plist";
				LD_RUNPATH_SEARCH_PATHS = "$(inherited) @executable_path/Frameworks @loader_path/Frameworks";
				PRODUCT_BUNDLE_IDENTIFIER = "com.streamind.One-armBanditUITests";
				PRODUCT_NAME = "$(TARGET_NAME)";
				TEST_TARGET_NAME = "One-armBandit";
			};
			name = Release;
		};
/* End XCBuildConfiguration section */

/* Begin XCConfigurationList section */
		6FE20BFE1CE432CA002191D4 /* Build configuration list for PBXProject "One-armBandit" */ = {
			isa = XCConfigurationList;
			buildConfigurations = (
				6FE20C2C1CE432CB002191D4 /* Debug */,
				6FE20C2D1CE432CB002191D4 /* Release */,
			);
			defaultConfigurationIsVisible = 0;
			defaultConfigurationName = Release;
		};
		6FE20C2E1CE432CB002191D4 /* Build configuration list for PBXNativeTarget "One-armBandit" */ = {
			isa = XCConfigurationList;
			buildConfigurations = (
				6FE20C2F1CE432CB002191D4 /* Debug */,
				6FE20C301CE432CB002191D4 /* Release */,
			);
			defaultConfigurationIsVisible = 0;
		};
		6FE20C311CE432CB002191D4 /* Build configuration list for PBXNativeTarget "One-armBanditTests" */ = {
			isa = XCConfigurationList;
			buildConfigurations = (
				6FE20C321CE432CB002191D4 /* Debug */,
				6FE20C331CE432CB002191D4 /* Release */,
			);
			defaultConfigurationIsVisible = 0;
		};
		6FE20C341CE432CB002191D4 /* Build configuration list for PBXNativeTarget "One-armBanditUITests" */ = {
			isa = XCConfigurationList;
			buildConfigurations = (
				6FE20C351CE432CB002191D4 /* Debug */,
				6FE20C361CE432CB002191D4 /* Release */,
			);
			defaultConfigurationIsVisible = 0;
		};
/* End XCConfigurationList section */

/* Begin XCVersionGroup section */
		6FE20C0D1CE432CA002191D4 /* One_armBandit.xcdatamodeld */ = {
			isa = XCVersionGroup;
			children = (
				6FE20C0E1CE432CA002191D4 /* One_armBandit.xcdatamodel */,
			);
			currentVersion = 6FE20C0E1CE432CA002191D4 /* One_armBandit.xcdatamodel */;
			path = One_armBandit.xcdatamodeld;
			sourceTree = "<group>";
			versionGroupType = wrapper.xcdatamodel;
		};
/* End XCVersionGroup section */
	};
	rootObject = 6FE20BFB1CE432CA002191D4 /* Project object */;
}
